PODS:
  - XCDYouTubeKit (2.7.3)

DEPENDENCIES:
  - XCDYouTubeKit (~> 2.5)

SPEC REPOS:
  https://github.com/cocoapods/specs.git:
    - XCDYouTubeKit

SPEC CHECKSUMS:
  XCDYouTubeKit: 3f4fd3eb3ed494a46a8f007b91315eed6dd6df1f

PODFILE CHECKSUM: 9883ebf9e4ca9a57221fc102330d1704bc533f38

COCOAPODS: 1.5.3
